// !$*UTF8*$!
{
	archiveVersion = 1;
	classes = {
	};
	objectVersion = 55;
	objects = {

/* Begin PBXBuildFile section */
		FE33935A2872FAF200BDDBDC /* AppDelegate.swift in Sources */ = {isa = PBXBuildFile; fileRef = FE3393592872FAF200BDDBDC /* AppDelegate.swift */; };
		FE33935C2872FAF200BDDBDC /* SceneDelegate.swift in Sources */ = {isa = PBXBuildFile; fileRef = FE33935B2872FAF200BDDBDC /* SceneDelegate.swift */; };
		FE3393612872FAF200BDDBDC /* Main.storyboard in Resources */ = {isa = PBXBuildFile; fileRef = FE33935F2872FAF200BDDBDC /* Main.storyboard */; };
		FE3393632872FAF200BDDBDC /* Assets.xcassets in Resources */ = {isa = PBXBuildFile; fileRef = FE3393622872FAF200BDDBDC /* Assets.xcassets */; };
		FE3393662872FAF200BDDBDC /* LaunchScreen.storyboard in Resources */ = {isa = PBXBuildFile; fileRef = FE3393642872FAF200BDDBDC /* LaunchScreen.storyboard */; };
		FE339372287300D000BDDBDC /* MainStoryboard.storyboard in Resources */ = {isa = PBXBuildFile; fileRef = FE339371287300D000BDDBDC /* MainStoryboard.storyboard */; };
		FE339375287302B100BDDBDC /* News.storyboard in Resources */ = {isa = PBXBuildFile; fileRef = FE339374287302B100BDDBDC /* News.storyboard */; };
		FE339378287302C700BDDBDC /* Search.storyboard in Resources */ = {isa = PBXBuildFile; fileRef = FE339377287302C700BDDBDC /* Search.storyboard */; };
		FE33937B287302DB00BDDBDC /* History.storyboard in Resources */ = {isa = PBXBuildFile; fileRef = FE33937A287302DB00BDDBDC /* History.storyboard */; };
		FE33937E287302F200BDDBDC /* Information.storyboard in Resources */ = {isa = PBXBuildFile; fileRef = FE33937D287302F200BDDBDC /* Information.storyboard */; };
		FE3393802873120800BDDBDC /* MainViewController.swift in Sources */ = {isa = PBXBuildFile; fileRef = FE33937F2873120800BDDBDC /* MainViewController.swift */; };
/* End PBXBuildFile section */

/* Begin PBXFileReference section */
		FE3393562872FAF200BDDBDC /* Tarot-Cards.app */ = {isa = PBXFileReference; explicitFileType = wrapper.application; includeInIndex = 0; path = "Tarot-Cards.app"; sourceTree = BUILT_PRODUCTS_DIR; };
		FE3393592872FAF200BDDBDC /* AppDelegate.swift */ = {isa = PBXFileReference; lastKnownFileType = sourcecode.swift; path = AppDelegate.swift; sourceTree = "<group>"; };
		FE33935B2872FAF200BDDBDC /* SceneDelegate.swift */ = {isa = PBXFileReference; lastKnownFileType = sourcecode.swift; path = SceneDelegate.swift; sourceTree = "<group>"; };
		FE3393602872FAF200BDDBDC /* Base */ = {isa = PBXFileReference; lastKnownFileType = file.storyboard; name = Base; path = Base.lproj/Main.storyboard; sourceTree = "<group>"; };
		FE3393622872FAF200BDDBDC /* Assets.xcassets */ = {isa = PBXFileReference; lastKnownFileType = folder.assetcatalog; path = Assets.xcassets; sourceTree = "<group>"; };
		FE3393652872FAF200BDDBDC /* Base */ = {isa = PBXFileReference; lastKnownFileType = file.storyboard; name = Base; path = Base.lproj/LaunchScreen.storyboard; sourceTree = "<group>"; };
		FE3393672872FAF200BDDBDC /* Info.plist */ = {isa = PBXFileReference; lastKnownFileType = text.plist.xml; path = Info.plist; sourceTree = "<group>"; };
		FE339371287300D000BDDBDC /* MainStoryboard.storyboard */ = {isa = PBXFileReference; lastKnownFileType = file.storyboard; path = MainStoryboard.storyboard; sourceTree = "<group>"; };
		FE339374287302B100BDDBDC /* News.storyboard */ = {isa = PBXFileReference; lastKnownFileType = file.storyboard; path = News.storyboard; sourceTree = "<group>"; };
		FE339377287302C700BDDBDC /* Search.storyboard */ = {isa = PBXFileReference; lastKnownFileType = file.storyboard; path = Search.storyboard; sourceTree = "<group>"; };
		FE33937A287302DB00BDDBDC /* History.storyboard */ = {isa = PBXFileReference; lastKnownFileType = file.storyboard; path = History.storyboard; sourceTree = "<group>"; };
		FE33937D287302F200BDDBDC /* Information.storyboard */ = {isa = PBXFileReference; lastKnownFileType = file.storyboard; path = Information.storyboard; sourceTree = "<group>"; };
		FE33937F2873120800BDDBDC /* MainViewController.swift */ = {isa = PBXFileReference; lastKnownFileType = sourcecode.swift; path = MainViewController.swift; sourceTree = "<group>"; };
/* End PBXFileReference section */

/* Begin PBXFrameworksBuildPhase section */
		FE3393532872FAF200BDDBDC /* Frameworks */ = {
			isa = PBXFrameworksBuildPhase;
			buildActionMask = 2147483647;
			files = (
			);
			runOnlyForDeploymentPostprocessing = 0;
		};
/* End PBXFrameworksBuildPhase section */

/* Begin PBXGroup section */
		FE33934D2872FAF200BDDBDC = {
			isa = PBXGroup;
			children = (
				FE3393582872FAF200BDDBDC /* Tarot-Cards */,
				FE3393572872FAF200BDDBDC /* Products */,
			);
			sourceTree = "<group>";
		};
		FE3393572872FAF200BDDBDC /* Products */ = {
			isa = PBXGroup;
			children = (
				FE3393562872FAF200BDDBDC /* Tarot-Cards.app */,
			);
			name = Products;
			sourceTree = "<group>";
		};
		FE3393582872FAF200BDDBDC /* Tarot-Cards */ = {
			isa = PBXGroup;
			children = (
				FE33936F2873008000BDDBDC /* Modules */,
				FE33936E2873004100BDDBDC /* Others */,
				FE33936D2873002F00BDDBDC /* Lifecycle */,
				FE33935F2872FAF200BDDBDC /* Main.storyboard */,
				FE3393642872FAF200BDDBDC /* LaunchScreen.storyboard */,
				FE3393672872FAF200BDDBDC /* Info.plist */,
			);
			path = "Tarot-Cards";
			sourceTree = "<group>";
		};
		FE33936D2873002F00BDDBDC /* Lifecycle */ = {
			isa = PBXGroup;
			children = (
				FE3393592872FAF200BDDBDC /* AppDelegate.swift */,
				FE33935B2872FAF200BDDBDC /* SceneDelegate.swift */,
			);
			path = Lifecycle;
			sourceTree = "<group>";
		};
		FE33936E2873004100BDDBDC /* Others */ = {
			isa = PBXGroup;
			children = (
				FE3393622872FAF200BDDBDC /* Assets.xcassets */,
			);
			path = Others;
			sourceTree = "<group>";
		};
		FE33936F2873008000BDDBDC /* Modules */ = {
			isa = PBXGroup;
			children = (
				FE33937C287302E000BDDBDC /* Information */,
				FE339379287302CC00BDDBDC /* History */,
				FE339376287302B700BDDBDC /* Search */,
				FE3393732873029500BDDBDC /* News */,
				FE339370287300BD00BDDBDC /* Main */,
			);
			path = Modules;
			sourceTree = "<group>";
		};
		FE339370287300BD00BDDBDC /* Main */ = {
			isa = PBXGroup;
			children = (
				FE339371287300D000BDDBDC /* MainStoryboard.storyboard */,
				FE33937F2873120800BDDBDC /* MainViewController.swift */,
			);
			path = Main;
			sourceTree = "<group>";
		};
		FE3393732873029500BDDBDC /* News */ = {
			isa = PBXGroup;
			children = (
				FE339374287302B100BDDBDC /* News.storyboard */,
			);
			path = News;
			sourceTree = "<group>";
		};
		FE339376287302B700BDDBDC /* Search */ = {
			isa = PBXGroup;
			children = (
				FE339377287302C700BDDBDC /* Search.storyboard */,
			);
			path = Search;
			sourceTree = "<group>";
		};
		FE339379287302CC00BDDBDC /* History */ = {
			isa = PBXGroup;
			children = (
				FE33937A287302DB00BDDBDC /* History.storyboard */,
			);
			path = History;
			sourceTree = "<group>";
		};
		FE33937C287302E000BDDBDC /* Information */ = {
			isa = PBXGroup;
			children = (
				FE33937D287302F200BDDBDC /* Information.storyboard */,
			);
			path = Information;
			sourceTree = "<group>";
		};
/* End PBXGroup section */

/* Begin PBXNativeTarget section */
		FE3393552872FAF200BDDBDC /* Tarot-Cards */ = {
			isa = PBXNativeTarget;
			buildConfigurationList = FE33936A2872FAF200BDDBDC /* Build configuration list for PBXNativeTarget "Tarot-Cards" */;
			buildPhases = (
				FE3393522872FAF200BDDBDC /* Sources */,
				FE3393532872FAF200BDDBDC /* Frameworks */,
				FE3393542872FAF200BDDBDC /* Resources */,
			);
			buildRules = (
			);
			dependencies = (
			);
			name = "Tarot-Cards";
			productName = "Tarot-Cards";
			productReference = FE3393562872FAF200BDDBDC /* Tarot-Cards.app */;
			productType = "com.apple.product-type.application";
		};
/* End PBXNativeTarget section */

/* Begin PBXProject section */
		FE33934E2872FAF200BDDBDC /* Project object */ = {
			isa = PBXProject;
			attributes = {
				BuildIndependentTargetsInParallel = 1;
				LastSwiftUpdateCheck = 1340;
				LastUpgradeCheck = 1340;
				TargetAttributes = {
					FE3393552872FAF200BDDBDC = {
						CreatedOnToolsVersion = 13.4.1;
					};
				};
			};
			buildConfigurationList = FE3393512872FAF200BDDBDC /* Build configuration list for PBXProject "Tarot-Cards" */;
			compatibilityVersion = "Xcode 13.0";
			developmentRegion = en;
			hasScannedForEncodings = 0;
			knownRegions = (
				en,
				Base,
			);
			mainGroup = FE33934D2872FAF200BDDBDC;
			productRefGroup = FE3393572872FAF200BDDBDC /* Products */;
			projectDirPath = "";
			projectRoot = "";
			targets = (
				FE3393552872FAF200BDDBDC /* Tarot-Cards */,
			);
		};
/* End PBXProject section */

/* Begin PBXResourcesBuildPhase section */
		FE3393542872FAF200BDDBDC /* Resources */ = {
			isa = PBXResourcesBuildPhase;
			buildActionMask = 2147483647;
			files = (
				FE3393662872FAF200BDDBDC /* LaunchScreen.storyboard in Resources */,
				FE3393632872FAF200BDDBDC /* Assets.xcassets in Resources */,
				FE33937B287302DB00BDDBDC /* History.storyboard in Resources */,
				FE33937E287302F200BDDBDC /* Information.storyboard in Resources */,
				FE339375287302B100BDDBDC /* News.storyboard in Resources */,
				FE3393612872FAF200BDDBDC /* Main.storyboard in Resources */,
				FE339378287302C700BDDBDC /* Search.storyboard in Resources */,
				FE339372287300D000BDDBDC /* MainStoryboard.storyboard in Resources */,
			);
			runOnlyForDeploymentPostprocessing = 0;
		};
/* End PBXResourcesBuildPhase section */

/* Begin PBXSourcesBuildPhase section */
		FE3393522872FAF200BDDBDC /* Sources */ = {
			isa = PBXSourcesBuildPhase;
			buildActionMask = 2147483647;
			files = (
				FE3393802873120800BDDBDC /* MainViewController.swift in Sources */,
				FE33935A2872FAF200BDDBDC /* AppDelegate.swift in Sources */,
				FE33935C2872FAF200BDDBDC /* SceneDelegate.swift in Sources */,
			);
			runOnlyForDeploymentPostprocessing = 0;
		};
/* End PBXSourcesBuildPhase section */

/* Begin PBXVariantGroup section */
		FE33935F2872FAF200BDDBDC /* Main.storyboard */ = {
			isa = PBXVariantGroup;
			children = (
				FE3393602872FAF200BDDBDC /* Base */,
			);
			name = Main.storyboard;
			sourceTree = "<group>";
		};
		FE3393642872FAF200BDDBDC /* LaunchScreen.storyboard */ = {
			isa = PBXVariantGroup;
			children = (
				FE3393652872FAF200BDDBDC /* Base */,
			);
			name = LaunchScreen.storyboard;
			sourceTree = "<group>";
		};
/* End PBXVariantGroup section */

/* Begin XCBuildConfiguration section */
		FE3393682872FAF200BDDBDC /* Debug */ = {
			isa = XCBuildConfiguration;
			buildSettings = {
				ALWAYS_SEARCH_USER_PATHS = NO;
				CLANG_ANALYZER_NONNULL = YES;
				CLANG_ANALYZER_NUMBER_OBJECT_CONVERSION = YES_AGGRESSIVE;
				CLANG_CXX_LANGUAGE_STANDARD = "gnu++17";
				CLANG_ENABLE_MODULES = YES;
				CLANG_ENABLE_OBJC_ARC = YES;
				CLANG_ENABLE_OBJC_WEAK = YES;
				CLANG_WARN_BLOCK_CAPTURE_AUTORELEASING = YES;
				CLANG_WARN_BOOL_CONVERSION = YES;
				CLANG_WARN_COMMA = YES;
				CLANG_WARN_CONSTANT_CONVERSION = YES;
				CLANG_WARN_DEPRECATED_OBJC_IMPLEMENTATIONS = YES;
				CLANG_WARN_DIRECT_OBJC_ISA_USAGE = YES_ERROR;
				CLANG_WARN_DOCUMENTATION_COMMENTS = YES;
				CLANG_WARN_EMPTY_BODY = YES;
				CLANG_WARN_ENUM_CONVERSION = YES;
				CLANG_WARN_INFINITE_RECURSION = YES;
				CLANG_WARN_INT_CONVERSION = YES;
				CLANG_WARN_NON_LITERAL_NULL_CONVERSION = YES;
				CLANG_WARN_OBJC_IMPLICIT_RETAIN_SELF = YES;
				CLANG_WARN_OBJC_LITERAL_CONVERSION = YES;
				CLANG_WARN_OBJC_ROOT_CLASS = YES_ERROR;
				CLANG_WARN_QUOTED_INCLUDE_IN_FRAMEWORK_HEADER = YES;
				CLANG_WARN_RANGE_LOOP_ANALYSIS = YES;
				CLANG_WARN_STRICT_PROTOTYPES = YES;
				CLANG_WARN_SUSPICIOUS_MOVE = YES;
				CLANG_WARN_UNGUARDED_AVAILABILITY = YES_AGGRESSIVE;
				CLANG_WARN_UNREACHABLE_CODE = YES;
				CLANG_WARN__DUPLICATE_METHOD_MATCH = YES;
				COPY_PHASE_STRIP = NO;
				DEBUG_INFORMATION_FORMAT = dwarf;
				ENABLE_STRICT_OBJC_MSGSEND = YES;
				ENABLE_TESTABILITY = YES;
				GCC_C_LANGUAGE_STANDARD = gnu11;
				GCC_DYNAMIC_NO_PIC = NO;
				GCC_NO_COMMON_BLOCKS = YES;
				GCC_OPTIMIZATION_LEVEL = 0;
				GCC_PREPROCESSOR_DEFINITIONS = (
					"DEBUG=1",
					"$(inherited)",
				);
				GCC_WARN_64_TO_32_BIT_CONVERSION = YES;
				GCC_WARN_ABOUT_RETURN_TYPE = YES_ERROR;
				GCC_WARN_UNDECLARED_SELECTOR = YES;
				GCC_WARN_UNINITIALIZED_AUTOS = YES_AGGRESSIVE;
				GCC_WARN_UNUSED_FUNCTION = YES;
				GCC_WARN_UNUSED_VARIABLE = YES;
				IPHONEOS_DEPLOYMENT_TARGET = 15.5;
				MTL_ENABLE_DEBUG_INFO = INCLUDE_SOURCE;
				MTL_FAST_MATH = YES;
				ONLY_ACTIVE_ARCH = YES;
				SDKROOT = iphoneos;
				SWIFT_ACTIVE_COMPILATION_CONDITIONS = DEBUG;
				SWIFT_OPTIMIZATION_LEVEL = "-Onone";
			};
			name = Debug;
		};
		FE3393692872FAF200BDDBDC /* Release */ = {
			isa = XCBuildConfiguration;
			buildSettings = {
				ALWAYS_SEARCH_USER_PATHS = NO;
				CLANG_ANALYZER_NONNULL = YES;
				CLANG_ANALYZER_NUMBER_OBJECT_CONVERSION = YES_AGGRESSIVE;
				CLANG_CXX_LANGUAGE_STANDARD = "gnu++17";
				CLANG_ENABLE_MODULES = YES;
				CLANG_ENABLE_OBJC_ARC = YES;
				CLANG_ENABLE_OBJC_WEAK = YES;
				CLANG_WARN_BLOCK_CAPTURE_AUTORELEASING = YES;
				CLANG_WARN_BOOL_CONVERSION = YES;
				CLANG_WARN_COMMA = YES;
				CLANG_WARN_CONSTANT_CONVERSION = YES;
				CLANG_WARN_DEPRECATED_OBJC_IMPLEMENTATIONS = YES;
				CLANG_WARN_DIRECT_OBJC_ISA_USAGE = YES_ERROR;
				CLANG_WARN_DOCUMENTATION_COMMENTS = YES;
				CLANG_WARN_EMPTY_BODY = YES;
				CLANG_WARN_ENUM_CONVERSION = YES;
				CLANG_WARN_INFINITE_RECURSION = YES;
				CLANG_WARN_INT_CONVERSION = YES;
				CLANG_WARN_NON_LITERAL_NULL_CONVERSION = YES;
				CLANG_WARN_OBJC_IMPLICIT_RETAIN_SELF = YES;
				CLANG_WARN_OBJC_LITERAL_CONVERSION = YES;
				CLANG_WARN_OBJC_ROOT_CLASS = YES_ERROR;
				CLANG_WARN_QUOTED_INCLUDE_IN_FRAMEWORK_HEADER = YES;
				CLANG_WARN_RANGE_LOOP_ANALYSIS = YES;
				CLANG_WARN_STRICT_PROTOTYPES = YES;
				CLANG_WARN_SUSPICIOUS_MOVE = YES;
				CLANG_WARN_UNGUARDED_AVAILABILITY = YES_AGGRESSIVE;
				CLANG_WARN_UNREACHABLE_CODE = YES;
				CLANG_WARN__DUPLICATE_METHOD_MATCH = YES;
				COPY_PHASE_STRIP = NO;
				DEBUG_INFORMATION_FORMAT = "dwarf-with-dsym";
				ENABLE_NS_ASSERTIONS = NO;
				ENABLE_STRICT_OBJC_MSGSEND = YES;
				GCC_C_LANGUAGE_STANDARD = gnu11;
				GCC_NO_COMMON_BLOCKS = YES;
				GCC_WARN_64_TO_32_BIT_CONVERSION = YES;
				GCC_WARN_ABOUT_RETURN_TYPE = YES_ERROR;
				GCC_WARN_UNDECLARED_SELECTOR = YES;
				GCC_WARN_UNINITIALIZED_AUTOS = YES_AGGRESSIVE;
				GCC_WARN_UNUSED_FUNCTION = YES;
				GCC_WARN_UNUSED_VARIABLE = YES;
				IPHONEOS_DEPLOYMENT_TARGET = 15.5;
				MTL_ENABLE_DEBUG_INFO = NO;
				MTL_FAST_MATH = YES;
				SDKROOT = iphoneos;
				SWIFT_COMPILATION_MODE = wholemodule;
				SWIFT_OPTIMIZATION_LEVEL = "-O";
				VALIDATE_PRODUCT = YES;
			};
			name = Release;
		};
		FE33936B2872FAF200BDDBDC /* Debug */ = {
			isa = XCBuildConfiguration;
			buildSettings = {
				ASSETCATALOG_COMPILER_APPICON_NAME = AppIcon;
				ASSETCATALOG_COMPILER_GLOBAL_ACCENT_COLOR_NAME = AccentColor;
				CODE_SIGN_STYLE = Automatic;
				CURRENT_PROJECT_VERSION = 1;
				GENERATE_INFOPLIST_FILE = YES;
				INFOPLIST_FILE = "Tarot-Cards/Info.plist";
				INFOPLIST_KEY_UIApplicationSupportsIndirectInputEvents = YES;
				INFOPLIST_KEY_UILaunchStoryboardName = LaunchScreen;
				INFOPLIST_KEY_UIMainStoryboardFile = Main;
				INFOPLIST_KEY_UISupportedInterfaceOrientations = UIInterfaceOrientationPortrait;
				INFOPLIST_KEY_UISupportedInterfaceOrientations_iPad = "UIInterfaceOrientationPortrait UIInterfaceOrientationPortraitUpsideDown UIInterfaceOrientationLandscapeLeft UIInterfaceOrientationLandscapeRight";
				INFOPLIST_KEY_UISupportedInterfaceOrientations_iPhone = "UIInterfaceOrientationPortrait UIInterfaceOrientationLandscapeLeft UIInterfaceOrientationLandscapeRight";
				IPHONEOS_DEPLOYMENT_TARGET = 13.0;
				LD_RUNPATH_SEARCH_PATHS = (
					"$(inherited)",
					"@executable_path/Frameworks",
				);
				MARKETING_VERSION = 1.0;
				PRODUCT_BUNDLE_IDENTIFIER = "cucumbers.Tarot-Cards";
				PRODUCT_NAME = "$(TARGET_NAME)";
				SWIFT_EMIT_LOC_STRINGS = YES;
				SWIFT_VERSION = 5.0;
				TARGETED_DEVICE_FAMILY = 1;
			};
			name = Debug;
		};
		FE33936C2872FAF200BDDBDC /* Release */ = {
			isa = XCBuildConfiguration;
			buildSettings = {
				ASSETCATALOG_COMPILER_APPICON_NAME = AppIcon;
				ASSETCATALOG_COMPILER_GLOBAL_ACCENT_COLOR_NAME = AccentColor;
				CODE_SIGN_STYLE = Automatic;
				CURRENT_PROJECT_VERSION = 1;
				GENERATE_INFOPLIST_FILE = YES;
				INFOPLIST_FILE = "Tarot-Cards/Info.plist";
				INFOPLIST_KEY_UIApplicationSupportsIndirectInputEvents = YES;
				INFOPLIST_KEY_UILaunchStoryboardName = LaunchScreen;
				INFOPLIST_KEY_UIMainStoryboardFile = Main;
				INFOPLIST_KEY_UISupportedInterfaceOrientations = UIInterfaceOrientationPortrait;
				INFOPLIST_KEY_UISupportedInterfaceOrientations_iPad = "UIInterfaceOrientationPortrait UIInterfaceOrientationPortraitUpsideDown UIInterfaceOrientationLandscapeLeft UIInterfaceOrientationLandscapeRight";
				INFOPLIST_KEY_UISupportedInterfaceOrientations_iPhone = "UIInterfaceOrientationPortrait UIInterfaceOrientationLandscapeLeft UIInterfaceOrientationLandscapeRight";
				IPHONEOS_DEPLOYMENT_TARGET = 13.0;
				LD_RUNPATH_SEARCH_PATHS = (
					"$(inherited)",
					"@executable_path/Frameworks",
				);
				MARKETING_VERSION = 1.0;
				PRODUCT_BUNDLE_IDENTIFIER = "cucumbers.Tarot-Cards";
				PRODUCT_NAME = "$(TARGET_NAME)";
				SWIFT_EMIT_LOC_STRINGS = YES;
				SWIFT_VERSION = 5.0;
				TARGETED_DEVICE_FAMILY = 1;
			};
			name = Release;
		};
/* End XCBuildConfiguration section */

/* Begin XCConfigurationList section */
		FE3393512872FAF200BDDBDC /* Build configuration list for PBXProject "Tarot-Cards" */ = {
			isa = XCConfigurationList;
			buildConfigurations = (
				FE3393682872FAF200BDDBDC /* Debug */,
				FE3393692872FAF200BDDBDC /* Release */,
			);
			defaultConfigurationIsVisible = 0;
			defaultConfigurationName = Release;
		};
		FE33936A2872FAF200BDDBDC /* Build configuration list for PBXNativeTarget "Tarot-Cards" */ = {
			isa = XCConfigurationList;
			buildConfigurations = (
				FE33936B2872FAF200BDDBDC /* Debug */,
				FE33936C2872FAF200BDDBDC /* Release */,
			);
			defaultConfigurationIsVisible = 0;
			defaultConfigurationName = Release;
		};
/* End XCConfigurationList section */
	};
	rootObject = FE33934E2872FAF200BDDBDC /* Project object */;
}
