// !$*UTF8*$!
{
	archiveVersion = 1;
	classes = {
	};
	objectVersion = 55;
	objects = {

/* Begin PBXBuildFile section */
		2981AABB287426E20091C2D3 /* NewsViewController.swift in Sources */ = {isa = PBXBuildFile; fileRef = 2981AABA287426E20091C2D3 /* NewsViewController.swift */; };
		2981AAC028742DC60091C2D3 /* NewsTableViewCell.swift in Sources */ = {isa = PBXBuildFile; fileRef = 2981AABE28742DC60091C2D3 /* NewsTableViewCell.swift */; };
		2981AAC128742DC60091C2D3 /* NewsTableViewCell.xib in Resources */ = {isa = PBXBuildFile; fileRef = 2981AABF28742DC60091C2D3 /* NewsTableViewCell.xib */; };
		29AA9B81287628E200912775 /* NewsCollectionViewCell.swift in Sources */ = {isa = PBXBuildFile; fileRef = 29AA9B7F287628E200912775 /* NewsCollectionViewCell.swift */; };
		29AA9B82287628E200912775 /* NewsCollectionViewCell.xib in Resources */ = {isa = PBXBuildFile; fileRef = 29AA9B80287628E200912775 /* NewsCollectionViewCell.xib */; };
		29AA9B8628770F8B00912775 /* CurNewsViewController.swift in Sources */ = {isa = PBXBuildFile; fileRef = 29AA9B8528770F8B00912775 /* CurNewsViewController.swift */; };
		29AA9B8B2877579400912775 /* MyriadPro-Regular.ttf in Resources */ = {isa = PBXBuildFile; fileRef = 29AA9B892877577900912775 /* MyriadPro-Regular.ttf */; };
		29AA9B8C2877579400912775 /* vetrino.otf in Resources */ = {isa = PBXBuildFile; fileRef = 29AA9B8A2877577C00912775 /* vetrino.otf */; };
		29FADB0B287AE0FD00289B45 /* NewsData.swift in Sources */ = {isa = PBXBuildFile; fileRef = 29FADB0A287AE0FD00289B45 /* NewsData.swift */; };
		29FADB0D287AE1C000289B45 /* DataLoader.swift in Sources */ = {isa = PBXBuildFile; fileRef = 29FADB0C287AE1C000289B45 /* DataLoader.swift */; };
		29FADB0F287AE8F100289B45 /* news.json in Resources */ = {isa = PBXBuildFile; fileRef = 29FADB0E287AE8F100289B45 /* news.json */; };
		376FE3EA287328CF00E5D816 /* SearchViewController.swift in Sources */ = {isa = PBXBuildFile; fileRef = 376FE3E9287328CF00E5D816 /* SearchViewController.swift */; };
		376FE3EC28735AE900E5D816 /* NetworkCardManager.swift in Sources */ = {isa = PBXBuildFile; fileRef = 376FE3EB28735AE900E5D816 /* NetworkCardManager.swift */; };
		376FE3EE28736DBD00E5D816 /* TarotCardData.swift in Sources */ = {isa = PBXBuildFile; fileRef = 376FE3ED28736DBD00E5D816 /* TarotCardData.swift */; };
		376FE3F228745DC700E5D816 /* TarotCard.swift in Sources */ = {isa = PBXBuildFile; fileRef = 376FE3F128745DC700E5D816 /* TarotCard.swift */; };
		376FE3F62876D61E00E5D816 /* CardSearchCollectionViewCell.swift in Sources */ = {isa = PBXBuildFile; fileRef = 376FE3F52876D61E00E5D816 /* CardSearchCollectionViewCell.swift */; };
		F79ABC662875DF8500D0E63A /* infoViewController.swift in Sources */ = {isa = PBXBuildFile; fileRef = F79ABC652875DF8500D0E63A /* infoViewController.swift */; };
		F79ABC6A2876507700D0E63A /* CreatorsTableViewController.swift in Sources */ = {isa = PBXBuildFile; fileRef = F79ABC692876507700D0E63A /* CreatorsTableViewController.swift */; };
		F79ABC6C2876542B00D0E63A /* CreatorsTableViewCell.swift in Sources */ = {isa = PBXBuildFile; fileRef = F79ABC6B2876542B00D0E63A /* CreatorsTableViewCell.swift */; };
		F7A1FF8A287B4D8700A492DA /* infoCreatorsViewController.swift in Sources */ = {isa = PBXBuildFile; fileRef = F7A1FF89287B4D8700A492DA /* infoCreatorsViewController.swift */; };
		9AB7EF9B287AE86400481BF9 /* HistoryViewCell.swift in Sources */ = {isa = PBXBuildFile; fileRef = 9AB7EF9A287AE86400481BF9 /* HistoryViewCell.swift */; };
		9AB7EF9D287AE8CD00481BF9 /* HistoryViewController.swift in Sources */ = {isa = PBXBuildFile; fileRef = 9AB7EF9C287AE8CD00481BF9 /* HistoryViewController.swift */; };
		9AB7EFA1287B084600481BF9 /* DataStoreManager.swift in Sources */ = {isa = PBXBuildFile; fileRef = 9AB7EFA0287B084600481BF9 /* DataStoreManager.swift */; };
		FE33935A2872FAF200BDDBDC /* AppDelegate.swift in Sources */ = {isa = PBXBuildFile; fileRef = FE3393592872FAF200BDDBDC /* AppDelegate.swift */; };
		FE33935C2872FAF200BDDBDC /* SceneDelegate.swift in Sources */ = {isa = PBXBuildFile; fileRef = FE33935B2872FAF200BDDBDC /* SceneDelegate.swift */; };
		FE3393612872FAF200BDDBDC /* Main.storyboard in Resources */ = {isa = PBXBuildFile; fileRef = FE33935F2872FAF200BDDBDC /* Main.storyboard */; };
		FE3393632872FAF200BDDBDC /* Assets.xcassets in Resources */ = {isa = PBXBuildFile; fileRef = FE3393622872FAF200BDDBDC /* Assets.xcassets */; };
		FE3393662872FAF200BDDBDC /* LaunchScreen.storyboard in Resources */ = {isa = PBXBuildFile; fileRef = FE3393642872FAF200BDDBDC /* LaunchScreen.storyboard */; };
		FE339372287300D000BDDBDC /* MainStoryboard.storyboard in Resources */ = {isa = PBXBuildFile; fileRef = FE339371287300D000BDDBDC /* MainStoryboard.storyboard */; };
		FE339375287302B100BDDBDC /* News.storyboard in Resources */ = {isa = PBXBuildFile; fileRef = FE339374287302B100BDDBDC /* News.storyboard */; };
		FE339378287302C700BDDBDC /* Search.storyboard in Resources */ = {isa = PBXBuildFile; fileRef = FE339377287302C700BDDBDC /* Search.storyboard */; };
		FE33937B287302DB00BDDBDC /* History.storyboard in Resources */ = {isa = PBXBuildFile; fileRef = FE33937A287302DB00BDDBDC /* History.storyboard */; };
		FE33937E287302F200BDDBDC /* Information.storyboard in Resources */ = {isa = PBXBuildFile; fileRef = FE33937D287302F200BDDBDC /* Information.storyboard */; };
		FE3393802873120800BDDBDC /* MainViewController.swift in Sources */ = {isa = PBXBuildFile; fileRef = FE33937F2873120800BDDBDC /* MainViewController.swift */; };
		FEE2495728784190005295D2 /* CardView.storyboard in Resources */ = {isa = PBXBuildFile; fileRef = FEE2495628784190005295D2 /* CardView.storyboard */; };
		FEE2495A287841A9005295D2 /* CardViewController.swift in Sources */ = {isa = PBXBuildFile; fileRef = FEE24959287841A9005295D2 /* CardViewController.swift */; };
/* End PBXBuildFile section */

/* Begin PBXFileReference section */
		2981AABA287426E20091C2D3 /* NewsViewController.swift */ = {isa = PBXFileReference; lastKnownFileType = sourcecode.swift; path = NewsViewController.swift; sourceTree = "<group>"; };
		2981AABE28742DC60091C2D3 /* NewsTableViewCell.swift */ = {isa = PBXFileReference; lastKnownFileType = sourcecode.swift; path = NewsTableViewCell.swift; sourceTree = "<group>"; };
		2981AABF28742DC60091C2D3 /* NewsTableViewCell.xib */ = {isa = PBXFileReference; lastKnownFileType = file.xib; path = NewsTableViewCell.xib; sourceTree = "<group>"; };
		29AA9B7A28757CEF00912775 /* Tarot-Cards.app */ = {isa = PBXFileReference; explicitFileType = wrapper.application; includeInIndex = 0; path = "Tarot-Cards.app"; sourceTree = BUILT_PRODUCTS_DIR; };
		29AA9B7F287628E200912775 /* NewsCollectionViewCell.swift */ = {isa = PBXFileReference; lastKnownFileType = sourcecode.swift; path = NewsCollectionViewCell.swift; sourceTree = "<group>"; };
		29AA9B80287628E200912775 /* NewsCollectionViewCell.xib */ = {isa = PBXFileReference; lastKnownFileType = file.xib; path = NewsCollectionViewCell.xib; sourceTree = "<group>"; };
		29AA9B8528770F8B00912775 /* CurNewsViewController.swift */ = {isa = PBXFileReference; lastKnownFileType = sourcecode.swift; path = CurNewsViewController.swift; sourceTree = "<group>"; };
		29AA9B892877577900912775 /* MyriadPro-Regular.ttf */ = {isa = PBXFileReference; lastKnownFileType = file; path = "MyriadPro-Regular.ttf"; sourceTree = "<group>"; };
		29AA9B8A2877577C00912775 /* vetrino.otf */ = {isa = PBXFileReference; lastKnownFileType = file; path = vetrino.otf; sourceTree = "<group>"; };
		29FADB0A287AE0FD00289B45 /* NewsData.swift */ = {isa = PBXFileReference; lastKnownFileType = sourcecode.swift; path = NewsData.swift; sourceTree = "<group>"; };
		29FADB0C287AE1C000289B45 /* DataLoader.swift */ = {isa = PBXFileReference; lastKnownFileType = sourcecode.swift; path = DataLoader.swift; sourceTree = "<group>"; };
		29FADB0E287AE8F100289B45 /* news.json */ = {isa = PBXFileReference; fileEncoding = 4; lastKnownFileType = text.json; path = news.json; sourceTree = "<group>"; };
		376FE3E9287328CF00E5D816 /* SearchViewController.swift */ = {isa = PBXFileReference; lastKnownFileType = sourcecode.swift; path = SearchViewController.swift; sourceTree = "<group>"; };
		376FE3EB28735AE900E5D816 /* NetworkCardManager.swift */ = {isa = PBXFileReference; lastKnownFileType = sourcecode.swift; path = NetworkCardManager.swift; sourceTree = "<group>"; };
		376FE3ED28736DBD00E5D816 /* TarotCardData.swift */ = {isa = PBXFileReference; lastKnownFileType = sourcecode.swift; path = TarotCardData.swift; sourceTree = "<group>"; };
		376FE3F128745DC700E5D816 /* TarotCard.swift */ = {isa = PBXFileReference; lastKnownFileType = sourcecode.swift; path = TarotCard.swift; sourceTree = "<group>"; };
		376FE3F52876D61E00E5D816 /* CardSearchCollectionViewCell.swift */ = {isa = PBXFileReference; lastKnownFileType = sourcecode.swift; path = CardSearchCollectionViewCell.swift; sourceTree = "<group>"; };
		F79ABC652875DF8500D0E63A /* infoViewController.swift */ = {isa = PBXFileReference; lastKnownFileType = sourcecode.swift; path = infoViewController.swift; sourceTree = "<group>"; };
		F79ABC692876507700D0E63A /* CreatorsTableViewController.swift */ = {isa = PBXFileReference; lastKnownFileType = sourcecode.swift; path = CreatorsTableViewController.swift; sourceTree = "<group>"; };
		F79ABC6B2876542B00D0E63A /* CreatorsTableViewCell.swift */ = {isa = PBXFileReference; lastKnownFileType = sourcecode.swift; path = CreatorsTableViewCell.swift; sourceTree = "<group>"; };
		F7A1FF89287B4D8700A492DA /* infoCreatorsViewController.swift */ = {isa = PBXFileReference; lastKnownFileType = sourcecode.swift; path = infoCreatorsViewController.swift; sourceTree = "<group>"; };
		9AB7EF9A287AE86400481BF9 /* HistoryViewCell.swift */ = {isa = PBXFileReference; lastKnownFileType = sourcecode.swift; path = HistoryViewCell.swift; sourceTree = "<group>"; };
		9AB7EF9C287AE8CD00481BF9 /* HistoryViewController.swift */ = {isa = PBXFileReference; lastKnownFileType = sourcecode.swift; path = HistoryViewController.swift; sourceTree = "<group>"; };
		9AB7EFA0287B084600481BF9 /* DataStoreManager.swift */ = {isa = PBXFileReference; lastKnownFileType = sourcecode.swift; path = DataStoreManager.swift; sourceTree = "<group>"; };
		FE3393592872FAF200BDDBDC /* AppDelegate.swift */ = {isa = PBXFileReference; lastKnownFileType = sourcecode.swift; path = AppDelegate.swift; sourceTree = "<group>"; };
		FE33935B2872FAF200BDDBDC /* SceneDelegate.swift */ = {isa = PBXFileReference; lastKnownFileType = sourcecode.swift; path = SceneDelegate.swift; sourceTree = "<group>"; };
		FE3393602872FAF200BDDBDC /* Base */ = {isa = PBXFileReference; lastKnownFileType = file.storyboard; name = Base; path = Base.lproj/Main.storyboard; sourceTree = "<group>"; };
		FE3393622872FAF200BDDBDC /* Assets.xcassets */ = {isa = PBXFileReference; lastKnownFileType = folder.assetcatalog; path = Assets.xcassets; sourceTree = "<group>"; };
		FE3393652872FAF200BDDBDC /* Base */ = {isa = PBXFileReference; lastKnownFileType = file.storyboard; name = Base; path = Base.lproj/LaunchScreen.storyboard; sourceTree = "<group>"; };
		FE3393672872FAF200BDDBDC /* Info.plist */ = {isa = PBXFileReference; lastKnownFileType = text.plist.xml; path = Info.plist; sourceTree = "<group>"; };
		FE339371287300D000BDDBDC /* MainStoryboard.storyboard */ = {isa = PBXFileReference; lastKnownFileType = file.storyboard; path = MainStoryboard.storyboard; sourceTree = "<group>"; };
		FE339374287302B100BDDBDC /* News.storyboard */ = {isa = PBXFileReference; lastKnownFileType = file.storyboard; path = News.storyboard; sourceTree = "<group>"; };
		FE339377287302C700BDDBDC /* Search.storyboard */ = {isa = PBXFileReference; lastKnownFileType = file.storyboard; path = Search.storyboard; sourceTree = "<group>"; };
		FE33937A287302DB00BDDBDC /* History.storyboard */ = {isa = PBXFileReference; lastKnownFileType = file.storyboard; path = History.storyboard; sourceTree = "<group>"; };
		FE33937D287302F200BDDBDC /* Information.storyboard */ = {isa = PBXFileReference; lastKnownFileType = file.storyboard; path = Information.storyboard; sourceTree = "<group>"; };
		FE33937F2873120800BDDBDC /* MainViewController.swift */ = {isa = PBXFileReference; lastKnownFileType = sourcecode.swift; path = MainViewController.swift; sourceTree = "<group>"; };
		FE39AAD72878941700D7EEF4 /* Vetrino.otf */ = {isa = PBXFileReference; lastKnownFileType = file; name = Vetrino.otf; path = ../../../../../../../Downloads/vetrino/Vetrino.otf; sourceTree = "<group>"; };
		FEE2495628784190005295D2 /* CardView.storyboard */ = {isa = PBXFileReference; lastKnownFileType = file.storyboard; path = CardView.storyboard; sourceTree = "<group>"; };
		FEE24959287841A9005295D2 /* CardViewController.swift */ = {isa = PBXFileReference; lastKnownFileType = sourcecode.swift; path = CardViewController.swift; sourceTree = "<group>"; };
/* End PBXFileReference section */

/* Begin PBXFrameworksBuildPhase section */
		FE3393532872FAF200BDDBDC /* Frameworks */ = {
			isa = PBXFrameworksBuildPhase;
			buildActionMask = 2147483647;
			files = (
			);
			runOnlyForDeploymentPostprocessing = 0;
		};
/* End PBXFrameworksBuildPhase section */

/* Begin PBXGroup section */
		29AA9B8D2877665D00912775 /* NewsList */ = {
			isa = PBXGroup;
			children = (
				2981AABE28742DC60091C2D3 /* NewsTableViewCell.swift */,
				2981AABF28742DC60091C2D3 /* NewsTableViewCell.xib */,
				29AA9B7F287628E200912775 /* NewsCollectionViewCell.swift */,
				29AA9B80287628E200912775 /* NewsCollectionViewCell.xib */,
			);
			path = NewsList;
			sourceTree = "<group>";
		};
		FE33934D2872FAF200BDDBDC = {
			isa = PBXGroup;
			children = (
				FE3393582872FAF200BDDBDC /* Tarot-Cards */,
				29AA9B7A28757CEF00912775 /* Tarot-Cards.app */,
			);
			sourceTree = "<group>";
		};
		FE3393582872FAF200BDDBDC /* Tarot-Cards */ = {
			isa = PBXGroup;
			children = (
				FE33936F2873008000BDDBDC /* Modules */,
				FE33936E2873004100BDDBDC /* Others */,
				FE33936D2873002F00BDDBDC /* Lifecycle */,
				FE33935F2872FAF200BDDBDC /* Main.storyboard */,
				FE3393642872FAF200BDDBDC /* LaunchScreen.storyboard */,
				FE3393672872FAF200BDDBDC /* Info.plist */,
			);
			path = "Tarot-Cards";
			sourceTree = "<group>";
		};
		FE33936D2873002F00BDDBDC /* Lifecycle */ = {
			isa = PBXGroup;
			children = (
				FE3393592872FAF200BDDBDC /* AppDelegate.swift */,
				FE33935B2872FAF200BDDBDC /* SceneDelegate.swift */,
			);
			path = Lifecycle;
			sourceTree = "<group>";
		};
		FE33936E2873004100BDDBDC /* Others */ = {
			isa = PBXGroup;
			children = (
				FE39AAD72878941700D7EEF4 /* Vetrino.otf */,
				29AA9B892877577900912775 /* MyriadPro-Regular.ttf */,
				29AA9B8A2877577C00912775 /* vetrino.otf */,
				FE3393622872FAF200BDDBDC /* Assets.xcassets */,
			);
			path = Others;
			sourceTree = "<group>";
		};
		FE33936F2873008000BDDBDC /* Modules */ = {
			isa = PBXGroup;
			children = (
				FEE2495828784195005295D2 /* Card */,
				FE33937C287302E000BDDBDC /* Information */,
				FE339379287302CC00BDDBDC /* History */,
				FE339376287302B700BDDBDC /* Search */,
				FE3393732873029500BDDBDC /* News */,
				FE339370287300BD00BDDBDC /* Main */,
			);
			path = Modules;
			sourceTree = "<group>";
		};
		FE339370287300BD00BDDBDC /* Main */ = {
			isa = PBXGroup;
			children = (
				FE339371287300D000BDDBDC /* MainStoryboard.storyboard */,
				FE33937F2873120800BDDBDC /* MainViewController.swift */,
			);
			path = Main;
			sourceTree = "<group>";
		};
		FE3393732873029500BDDBDC /* News */ = {
			isa = PBXGroup;
			children = (
				29AA9B8D2877665D00912775 /* NewsList */,
				FE339374287302B100BDDBDC /* News.storyboard */,
				2981AABA287426E20091C2D3 /* NewsViewController.swift */,
				29AA9B8528770F8B00912775 /* CurNewsViewController.swift */,
				29FADB0A287AE0FD00289B45 /* NewsData.swift */,
				29FADB0C287AE1C000289B45 /* DataLoader.swift */,
				29FADB0E287AE8F100289B45 /* news.json */,
			);
			path = News;
			sourceTree = "<group>";
		};
		FE339376287302B700BDDBDC /* Search */ = {
			isa = PBXGroup;
			children = (
				FE339377287302C700BDDBDC /* Search.storyboard */,
				376FE3EB28735AE900E5D816 /* NetworkCardManager.swift */,
				376FE3E9287328CF00E5D816 /* SearchViewController.swift */,
				376FE3ED28736DBD00E5D816 /* TarotCardData.swift */,
				376FE3F128745DC700E5D816 /* TarotCard.swift */,
				376FE3F52876D61E00E5D816 /* CardSearchCollectionViewCell.swift */,
			);
			path = Search;
			sourceTree = "<group>";
		};
		FE339379287302CC00BDDBDC /* History */ = {
			isa = PBXGroup;
			children = (
				FE33937A287302DB00BDDBDC /* History.storyboard */,
				9AB7EF9A287AE86400481BF9 /* HistoryViewCell.swift */,
				9AB7EF9C287AE8CD00481BF9 /* HistoryViewController.swift */,
				9AB7EFA0287B084600481BF9 /* DataStoreManager.swift */,
			);
			path = History;
			sourceTree = "<group>";
		};
		FE33937C287302E000BDDBDC /* Information */ = {
			isa = PBXGroup;
			children = (
				FE33937D287302F200BDDBDC /* Information.storyboard */,
				F79ABC652875DF8500D0E63A /* infoViewController.swift */,
				F79ABC692876507700D0E63A /* CreatorsTableViewController.swift */,
				F79ABC6B2876542B00D0E63A /* CreatorsTableViewCell.swift */,
				F7A1FF89287B4D8700A492DA /* infoCreatorsViewController.swift */,
			);
			path = Information;
			sourceTree = "<group>";
		};
		FEE2495828784195005295D2 /* Card */ = {
			isa = PBXGroup;
			children = (
				FEE2495628784190005295D2 /* CardView.storyboard */,
				FEE24959287841A9005295D2 /* CardViewController.swift */,
			);
			path = Card;
			sourceTree = "<group>";
		};
/* End PBXGroup section */

/* Begin PBXNativeTarget section */
		FE3393552872FAF200BDDBDC /* Tarot-Cards */ = {
			isa = PBXNativeTarget;
			buildConfigurationList = FE33936A2872FAF200BDDBDC /* Build configuration list for PBXNativeTarget "Tarot-Cards" */;
			buildPhases = (
				FE3393522872FAF200BDDBDC /* Sources */,
				FE3393532872FAF200BDDBDC /* Frameworks */,
				FE3393542872FAF200BDDBDC /* Resources */,
			);
			buildRules = (
			);
			dependencies = (
			);
			name = "Tarot-Cards";
			productName = "Tarot-Cards";
			productReference = 29AA9B7A28757CEF00912775 /* Tarot-Cards.app */;
			productType = "com.apple.product-type.application";
		};
/* End PBXNativeTarget section */

/* Begin PBXProject section */
		FE33934E2872FAF200BDDBDC /* Project object */ = {
			isa = PBXProject;
			attributes = {
				BuildIndependentTargetsInParallel = 1;
				LastSwiftUpdateCheck = 1340;
				LastUpgradeCheck = 1340;
				TargetAttributes = {
					FE3393552872FAF200BDDBDC = {
						CreatedOnToolsVersion = 13.4.1;
					};
				};
			};
			buildConfigurationList = FE3393512872FAF200BDDBDC /* Build configuration list for PBXProject "Tarot-Cards" */;
			compatibilityVersion = "Xcode 13.0";
			developmentRegion = en;
			hasScannedForEncodings = 0;
			knownRegions = (
				en,
				Base,
			);
			mainGroup = FE33934D2872FAF200BDDBDC;
			productRefGroup = FE33934D2872FAF200BDDBDC;
			projectDirPath = "";
			projectRoot = "";
			targets = (
				FE3393552872FAF200BDDBDC /* Tarot-Cards */,
			);
		};
/* End PBXProject section */

/* Begin PBXResourcesBuildPhase section */
		FE3393542872FAF200BDDBDC /* Resources */ = {
			isa = PBXResourcesBuildPhase;
			buildActionMask = 2147483647;
			files = (
				29AA9B8B2877579400912775 /* MyriadPro-Regular.ttf in Resources */,
				29AA9B8C2877579400912775 /* vetrino.otf in Resources */,
				FE3393662872FAF200BDDBDC /* LaunchScreen.storyboard in Resources */,
				FE3393632872FAF200BDDBDC /* Assets.xcassets in Resources */,
				FE33937B287302DB00BDDBDC /* History.storyboard in Resources */,
				FE33937E287302F200BDDBDC /* Information.storyboard in Resources */,
				29FADB0F287AE8F100289B45 /* news.json in Resources */,
				2981AAC128742DC60091C2D3 /* NewsTableViewCell.xib in Resources */,
				FE339375287302B100BDDBDC /* News.storyboard in Resources */,
				FEE2495728784190005295D2 /* CardView.storyboard in Resources */,
				FE3393612872FAF200BDDBDC /* Main.storyboard in Resources */,
				FE339378287302C700BDDBDC /* Search.storyboard in Resources */,
				FE339372287300D000BDDBDC /* MainStoryboard.storyboard in Resources */,
				29AA9B82287628E200912775 /* NewsCollectionViewCell.xib in Resources */,
			);
			runOnlyForDeploymentPostprocessing = 0;
		};
/* End PBXResourcesBuildPhase section */

/* Begin PBXSourcesBuildPhase section */
		FE3393522872FAF200BDDBDC /* Sources */ = {
			isa = PBXSourcesBuildPhase;
			buildActionMask = 2147483647;
			files = (
				FE3393802873120800BDDBDC /* MainViewController.swift in Sources */,
				29AA9B8628770F8B00912775 /* CurNewsViewController.swift in Sources */,
				2981AABB287426E20091C2D3 /* NewsViewController.swift in Sources */,
				29AA9B81287628E200912775 /* NewsCollectionViewCell.swift in Sources */,
				FE33935A2872FAF200BDDBDC /* AppDelegate.swift in Sources */,
				2981AAC028742DC60091C2D3 /* NewsTableViewCell.swift in Sources */,
				376FE3EA287328CF00E5D816 /* SearchViewController.swift in Sources */,
				9AB7EF9D287AE8CD00481BF9 /* HistoryViewController.swift in Sources */,
				FE33935A2872FAF200BDDBDC /* AppDelegate.swift in Sources */,
				FEE2495A287841A9005295D2 /* CardViewController.swift in Sources */,
				9AB7EFA1287B084600481BF9 /* DataStoreManager.swift in Sources */,
				376FE3F228745DC700E5D816 /* TarotCard.swift in Sources */,
				376FE3F62876D61E00E5D816 /* CardSearchCollectionViewCell.swift in Sources */,
				376FE3EE28736DBD00E5D816 /* TarotCardData.swift in Sources */,
				29FADB0D287AE1C000289B45 /* DataLoader.swift in Sources */,
				9AB7EF9B287AE86400481BF9 /* HistoryViewCell.swift in Sources */,
				376FE3EC28735AE900E5D816 /* NetworkCardManager.swift in Sources */,
				F79ABC662875DF8500D0E63A /* infoViewController.swift in Sources */,
				F79ABC6C2876542B00D0E63A /* CreatorsTableViewCell.swift in Sources */,
				F7A1FF8A287B4D8700A492DA /* infoCreatorsViewController.swift in Sources */,
				FE33935A2872FAF200BDDBDC /* AppDelegate.swift in Sources */,
				F79ABC6A2876507700D0E63A /* CreatorsTableViewController.swift in Sources */,
				FE33935C2872FAF200BDDBDC /* SceneDelegate.swift in Sources */,
				29FADB0B287AE0FD00289B45 /* NewsData.swift in Sources */,
			);
			runOnlyForDeploymentPostprocessing = 0;
		};
/* End PBXSourcesBuildPhase section */

/* Begin PBXVariantGroup section */
		FE33935F2872FAF200BDDBDC /* Main.storyboard */ = {
			isa = PBXVariantGroup;
			children = (
				FE3393602872FAF200BDDBDC /* Base */,
			);
			name = Main.storyboard;
			sourceTree = "<group>";
		};
		FE3393642872FAF200BDDBDC /* LaunchScreen.storyboard */ = {
			isa = PBXVariantGroup;
			children = (
				FE3393652872FAF200BDDBDC /* Base */,
			);
			name = LaunchScreen.storyboard;
			sourceTree = "<group>";
		};
/* End PBXVariantGroup section */

/* Begin XCBuildConfiguration section */
		FE3393682872FAF200BDDBDC /* Debug */ = {
			isa = XCBuildConfiguration;
			buildSettings = {
				ALWAYS_SEARCH_USER_PATHS = NO;
				CLANG_ANALYZER_NONNULL = YES;
				CLANG_ANALYZER_NUMBER_OBJECT_CONVERSION = YES_AGGRESSIVE;
				CLANG_CXX_LANGUAGE_STANDARD = "gnu++17";
				CLANG_ENABLE_MODULES = YES;
				CLANG_ENABLE_OBJC_ARC = YES;
				CLANG_ENABLE_OBJC_WEAK = YES;
				CLANG_WARN_BLOCK_CAPTURE_AUTORELEASING = YES;
				CLANG_WARN_BOOL_CONVERSION = YES;
				CLANG_WARN_COMMA = YES;
				CLANG_WARN_CONSTANT_CONVERSION = YES;
				CLANG_WARN_DEPRECATED_OBJC_IMPLEMENTATIONS = YES;
				CLANG_WARN_DIRECT_OBJC_ISA_USAGE = YES_ERROR;
				CLANG_WARN_DOCUMENTATION_COMMENTS = YES;
				CLANG_WARN_EMPTY_BODY = YES;
				CLANG_WARN_ENUM_CONVERSION = YES;
				CLANG_WARN_INFINITE_RECURSION = YES;
				CLANG_WARN_INT_CONVERSION = YES;
				CLANG_WARN_NON_LITERAL_NULL_CONVERSION = YES;
				CLANG_WARN_OBJC_IMPLICIT_RETAIN_SELF = YES;
				CLANG_WARN_OBJC_LITERAL_CONVERSION = YES;
				CLANG_WARN_OBJC_ROOT_CLASS = YES_ERROR;
				CLANG_WARN_QUOTED_INCLUDE_IN_FRAMEWORK_HEADER = YES;
				CLANG_WARN_RANGE_LOOP_ANALYSIS = YES;
				CLANG_WARN_STRICT_PROTOTYPES = YES;
				CLANG_WARN_SUSPICIOUS_MOVE = YES;
				CLANG_WARN_UNGUARDED_AVAILABILITY = YES_AGGRESSIVE;
				CLANG_WARN_UNREACHABLE_CODE = YES;
				CLANG_WARN__DUPLICATE_METHOD_MATCH = YES;
				COPY_PHASE_STRIP = NO;
				DEBUG_INFORMATION_FORMAT = dwarf;
				ENABLE_STRICT_OBJC_MSGSEND = YES;
				ENABLE_TESTABILITY = YES;
				GCC_C_LANGUAGE_STANDARD = gnu11;
				GCC_DYNAMIC_NO_PIC = NO;
				GCC_NO_COMMON_BLOCKS = YES;
				GCC_OPTIMIZATION_LEVEL = 0;
				GCC_PREPROCESSOR_DEFINITIONS = (
					"DEBUG=1",
					"$(inherited)",
				);
				GCC_WARN_64_TO_32_BIT_CONVERSION = YES;
				GCC_WARN_ABOUT_RETURN_TYPE = YES_ERROR;
				GCC_WARN_UNDECLARED_SELECTOR = YES;
				GCC_WARN_UNINITIALIZED_AUTOS = YES_AGGRESSIVE;
				GCC_WARN_UNUSED_FUNCTION = YES;
				GCC_WARN_UNUSED_VARIABLE = YES;
				IPHONEOS_DEPLOYMENT_TARGET = 13.0;
				MTL_ENABLE_DEBUG_INFO = INCLUDE_SOURCE;
				MTL_FAST_MATH = YES;
				ONLY_ACTIVE_ARCH = YES;
				SDKROOT = iphoneos;
				SWIFT_ACTIVE_COMPILATION_CONDITIONS = DEBUG;
				SWIFT_OPTIMIZATION_LEVEL = "-Onone";
			};
			name = Debug;
		};
		FE3393692872FAF200BDDBDC /* Release */ = {
			isa = XCBuildConfiguration;
			buildSettings = {
				ALWAYS_SEARCH_USER_PATHS = NO;
				CLANG_ANALYZER_NONNULL = YES;
				CLANG_ANALYZER_NUMBER_OBJECT_CONVERSION = YES_AGGRESSIVE;
				CLANG_CXX_LANGUAGE_STANDARD = "gnu++17";
				CLANG_ENABLE_MODULES = YES;
				CLANG_ENABLE_OBJC_ARC = YES;
				CLANG_ENABLE_OBJC_WEAK = YES;
				CLANG_WARN_BLOCK_CAPTURE_AUTORELEASING = YES;
				CLANG_WARN_BOOL_CONVERSION = YES;
				CLANG_WARN_COMMA = YES;
				CLANG_WARN_CONSTANT_CONVERSION = YES;
				CLANG_WARN_DEPRECATED_OBJC_IMPLEMENTATIONS = YES;
				CLANG_WARN_DIRECT_OBJC_ISA_USAGE = YES_ERROR;
				CLANG_WARN_DOCUMENTATION_COMMENTS = YES;
				CLANG_WARN_EMPTY_BODY = YES;
				CLANG_WARN_ENUM_CONVERSION = YES;
				CLANG_WARN_INFINITE_RECURSION = YES;
				CLANG_WARN_INT_CONVERSION = YES;
				CLANG_WARN_NON_LITERAL_NULL_CONVERSION = YES;
				CLANG_WARN_OBJC_IMPLICIT_RETAIN_SELF = YES;
				CLANG_WARN_OBJC_LITERAL_CONVERSION = YES;
				CLANG_WARN_OBJC_ROOT_CLASS = YES_ERROR;
				CLANG_WARN_QUOTED_INCLUDE_IN_FRAMEWORK_HEADER = YES;
				CLANG_WARN_RANGE_LOOP_ANALYSIS = YES;
				CLANG_WARN_STRICT_PROTOTYPES = YES;
				CLANG_WARN_SUSPICIOUS_MOVE = YES;
				CLANG_WARN_UNGUARDED_AVAILABILITY = YES_AGGRESSIVE;
				CLANG_WARN_UNREACHABLE_CODE = YES;
				CLANG_WARN__DUPLICATE_METHOD_MATCH = YES;
				COPY_PHASE_STRIP = NO;
				DEBUG_INFORMATION_FORMAT = "dwarf-with-dsym";
				ENABLE_NS_ASSERTIONS = NO;
				ENABLE_STRICT_OBJC_MSGSEND = YES;
				GCC_C_LANGUAGE_STANDARD = gnu11;
				GCC_NO_COMMON_BLOCKS = YES;
				GCC_WARN_64_TO_32_BIT_CONVERSION = YES;
				GCC_WARN_ABOUT_RETURN_TYPE = YES_ERROR;
				GCC_WARN_UNDECLARED_SELECTOR = YES;
				GCC_WARN_UNINITIALIZED_AUTOS = YES_AGGRESSIVE;
				GCC_WARN_UNUSED_FUNCTION = YES;
				GCC_WARN_UNUSED_VARIABLE = YES;
				IPHONEOS_DEPLOYMENT_TARGET = 13.0;
				MTL_ENABLE_DEBUG_INFO = NO;
				MTL_FAST_MATH = YES;
				SDKROOT = iphoneos;
				SWIFT_COMPILATION_MODE = wholemodule;
				SWIFT_OPTIMIZATION_LEVEL = "-O";
				VALIDATE_PRODUCT = YES;
			};
			name = Release;
		};
		FE33936B2872FAF200BDDBDC /* Debug */ = {
			isa = XCBuildConfiguration;
			buildSettings = {
				ASSETCATALOG_COMPILER_GLOBAL_ACCENT_COLOR_NAME = AccentColor;
				CODE_SIGN_IDENTITY = "Apple Development";
				CODE_SIGN_STYLE = Automatic;
				CURRENT_PROJECT_VERSION = 1;
				DEVELOPMENT_TEAM = KZRQP6VMRA;
				GENERATE_INFOPLIST_FILE = YES;
				INFOPLIST_FILE = "Tarot-Cards/Info.plist";
				INFOPLIST_KEY_UIApplicationSupportsIndirectInputEvents = YES;
				INFOPLIST_KEY_UILaunchStoryboardName = LaunchScreen;
				INFOPLIST_KEY_UIMainStoryboardFile = Main;
				INFOPLIST_KEY_UISupportedInterfaceOrientations = UIInterfaceOrientationPortrait;
				INFOPLIST_KEY_UISupportedInterfaceOrientations_iPad = "UIInterfaceOrientationPortrait UIInterfaceOrientationPortraitUpsideDown UIInterfaceOrientationLandscapeLeft UIInterfaceOrientationLandscapeRight";
				INFOPLIST_KEY_UISupportedInterfaceOrientations_iPhone = "UIInterfaceOrientationPortrait UIInterfaceOrientationLandscapeLeft UIInterfaceOrientationLandscapeRight";
				IPHONEOS_DEPLOYMENT_TARGET = 13.0;
				LD_RUNPATH_SEARCH_PATHS = (
					"$(inherited)",
					"@executable_path/Frameworks",
				);
				MARKETING_VERSION = 1.0;
				PRODUCT_BUNDLE_IDENTIFIER = "cucumbers.Tarot-Cards";
				PRODUCT_NAME = "$(TARGET_NAME)";
				PROVISIONING_PROFILE_SPECIFIER = "";
				SWIFT_EMIT_LOC_STRINGS = YES;
				SWIFT_VERSION = 5.0;
				TARGETED_DEVICE_FAMILY = 1;
			};
			name = Debug;
		};
		FE33936C2872FAF200BDDBDC /* Release */ = {
			isa = XCBuildConfiguration;
			buildSettings = {
				ASSETCATALOG_COMPILER_GLOBAL_ACCENT_COLOR_NAME = AccentColor;
				CODE_SIGN_IDENTITY = "Apple Development";
				CODE_SIGN_STYLE = Automatic;
				CURRENT_PROJECT_VERSION = 1;
				DEVELOPMENT_TEAM = KZRQP6VMRA;
				GENERATE_INFOPLIST_FILE = YES;
				INFOPLIST_FILE = "Tarot-Cards/Info.plist";
				INFOPLIST_KEY_UIApplicationSupportsIndirectInputEvents = YES;
				INFOPLIST_KEY_UILaunchStoryboardName = LaunchScreen;
				INFOPLIST_KEY_UIMainStoryboardFile = Main;
				INFOPLIST_KEY_UISupportedInterfaceOrientations = UIInterfaceOrientationPortrait;
				INFOPLIST_KEY_UISupportedInterfaceOrientations_iPad = "UIInterfaceOrientationPortrait UIInterfaceOrientationPortraitUpsideDown UIInterfaceOrientationLandscapeLeft UIInterfaceOrientationLandscapeRight";
				INFOPLIST_KEY_UISupportedInterfaceOrientations_iPhone = "UIInterfaceOrientationPortrait UIInterfaceOrientationLandscapeLeft UIInterfaceOrientationLandscapeRight";
				IPHONEOS_DEPLOYMENT_TARGET = 13.0;
				LD_RUNPATH_SEARCH_PATHS = (
					"$(inherited)",
					"@executable_path/Frameworks",
				);
				MARKETING_VERSION = 1.0;
				PRODUCT_BUNDLE_IDENTIFIER = "cucumbers.Tarot-Cards";
				PRODUCT_NAME = "$(TARGET_NAME)";
				PROVISIONING_PROFILE_SPECIFIER = "";
				SWIFT_EMIT_LOC_STRINGS = YES;
				SWIFT_VERSION = 5.0;
				TARGETED_DEVICE_FAMILY = 1;
			};
			name = Release;
		};
/* End XCBuildConfiguration section */

/* Begin XCConfigurationList section */
		FE3393512872FAF200BDDBDC /* Build configuration list for PBXProject "Tarot-Cards" */ = {
			isa = XCConfigurationList;
			buildConfigurations = (
				FE3393682872FAF200BDDBDC /* Debug */,
				FE3393692872FAF200BDDBDC /* Release */,
			);
			defaultConfigurationIsVisible = 0;
			defaultConfigurationName = Release;
		};
		FE33936A2872FAF200BDDBDC /* Build configuration list for PBXNativeTarget "Tarot-Cards" */ = {
			isa = XCConfigurationList;
			buildConfigurations = (
				FE33936B2872FAF200BDDBDC /* Debug */,
				FE33936C2872FAF200BDDBDC /* Release */,
			);
			defaultConfigurationIsVisible = 0;
			defaultConfigurationName = Release;
		};
/* End XCConfigurationList section */
	};
	rootObject = FE33934E2872FAF200BDDBDC /* Project object */;
}
